
Microsoft Visual Studio Solution File, Format Version 12.00
# Visual Studio Version 16
VisualStudioVersion = 16.0.31005.135
MinimumVisualStudioVersion = 10.0.40219.1
Project("{FAE04EC0-301F-11D3-BF4B-00C04F79EFBC}") = "Oscilloscope", "Oscilloscope.csproj", "{60BDDB80-9BD5-427C-9212-B612E273A2E2}"
EndProject
Global
	GlobalSection(SolutionConfigurationPlatforms) = preSolution
		Debug|Any CPU = Debug|Any CPU
		Release|Any CPU = Release|Any CPU
	EndGlobalSection
	GlobalSection(ProjectConfigurationPlatforms) = postSolution
		{60BDDB80-9BD5-427C-9212-B612E273A2E2}.Debug|Any CPU.ActiveCfg = Debug|Any CPU
		{60BDDB80-9BD5-427C-9212-B612E273A2E2}.Debug|Any CPU.Build.0 = Debug|Any CPU
		{60BDDB80-9BD5-427C-9212-B612E273A2E2}.Release|Any CPU.ActiveCfg = Release|Any CPU
		{60BDDB80-9BD5-427C-9212-B612E273A2E2}.Release|Any CPU.Build.0 = Release|Any CPU
	EndGlobalSection
	GlobalSection(SolutionProperties) = preSolution
		HideSolutionNode = FALSE
	EndGlobalSection
	GlobalSection(ExtensibilityGlobals) = postSolution
		SolutionGuid = {1A90EF1B-4E3D-4690-9929-988684C7FCD9}
	EndGlobalSection
EndGlobal
